
Microsoft Visual Studio Solution File, Format Version 12.00
# Visual Studio Version 17
VisualStudioVersion = 17.14.36623.8 d17.14
MinimumVisualStudioVersion = 10.0.40219.1
Project("{FAE04EC0-301F-11D3-BF4B-00C04F79EFBC}") = "WpfDesignPractice2", "WpfDesignPractice2\WpfDesignPractice2.csproj", "{5A4243AF-B900-4971-854E-7FA1B7D8E5D0}"
EndProject
Global
	GlobalSection(SolutionConfigurationPlatforms) = preSolution
		Debug|Any CPU = Debug|Any CPU
		Release|Any CPU = Release|Any CPU
	EndGlobalSection
	GlobalSection(ProjectConfigurationPlatforms) = postSolution
		{5A4243AF-B900-4971-854E-7FA1B7D8E5D0}.Debug|Any CPU.ActiveCfg = Debug|Any CPU
		{5A4243AF-B900-4971-854E-7FA1B7D8E5D0}.Debug|Any CPU.Build.0 = Debug|Any CPU
		{5A4243AF-B900-4971-854E-7FA1B7D8E5D0}.Release|Any CPU.ActiveCfg = Release|Any CPU
		{5A4243AF-B900-4971-854E-7FA1B7D8E5D0}.Release|Any CPU.Build.0 = Release|Any CPU
	EndGlobalSection
	GlobalSection(SolutionProperties) = preSolution
		HideSolutionNode = FALSE
	EndGlobalSection
	GlobalSection(ExtensibilityGlobals) = postSolution
		SolutionGuid = {B6B30CEB-B7B6-4F1C-BF38-A5404E8CBBB9}
	EndGlobalSection
EndGlobal
